// !$*UTF8*$!
{
	archiveVersion = 1;
	classes = {
	};
	objectVersion = 50;
	objects = {

/* Begin PBXBuildFile section */
		0F0E53C722797E560063E85A /* DataManager.swift in Sources */ = {isa = PBXBuildFile; fileRef = 0F0E53C622797E560063E85A /* DataManager.swift */; };
		148BB5CD61210B11205332B4 /* Pods_Belaz.framework in Frameworks */ = {isa = PBXBuildFile; fileRef = 569C4C64C01C54D504469B65 /* Pods_Belaz.framework */; };
		D20C60DD22984B1A005B1C23 /* RateViewController.swift in Sources */ = {isa = PBXBuildFile; fileRef = D20C60DB22984B1A005B1C23 /* RateViewController.swift */; };
		D20C60DE22984B1A005B1C23 /* RateViewController.xib in Resources */ = {isa = PBXBuildFile; fileRef = D20C60DC22984B1A005B1C23 /* RateViewController.xib */; };
		D20C60E022986E27005B1C23 /* Rating.swift in Sources */ = {isa = PBXBuildFile; fileRef = D20C60DF22986E27005B1C23 /* Rating.swift */; };
		D2261F712296D8E800A83C0B /* DrawView.swift in Sources */ = {isa = PBXBuildFile; fileRef = D2261F702296D8E800A83C0B /* DrawView.swift */; };
		D24FF8A9228353B000B88999 /* DetailViewController.swift in Sources */ = {isa = PBXBuildFile; fileRef = D24FF8A8228353B000B88999 /* DetailViewController.swift */; };
		D24FF8AD22835E4200B88999 /* BelazTableViewController.xib in Resources */ = {isa = PBXBuildFile; fileRef = D24FF8AC22835E4200B88999 /* BelazTableViewController.xib */; };
		D24FF8AF22835F9A00B88999 /* DetailViewController.xib in Resources */ = {isa = PBXBuildFile; fileRef = D24FF8AE22835F9A00B88999 /* DetailViewController.xib */; };
		D2519A8522688A5000F3AB1B /* CustomCell.swift in Sources */ = {isa = PBXBuildFile; fileRef = D2519A8422688A5000F3AB1B /* CustomCell.swift */; };
		D2779B8022883537003AE274 /* CustomCell.xib in Resources */ = {isa = PBXBuildFile; fileRef = D2779B7F22883537003AE274 /* CustomCell.xib */; };
		D279C92D22675A2E00653643 /* AppDelegate.swift in Sources */ = {isa = PBXBuildFile; fileRef = D279C92C22675A2E00653643 /* AppDelegate.swift */; };
		D279C93422675A2F00653643 /* Assets.xcassets in Resources */ = {isa = PBXBuildFile; fileRef = D279C93322675A2F00653643 /* Assets.xcassets */; };
		D279C93F22675AAC00653643 /* BelazTableViewController.swift in Sources */ = {isa = PBXBuildFile; fileRef = D279C93E22675AAC00653643 /* BelazTableViewController.swift */; };
		D2D56EAE228C330200D6C9A8 /* Belaz.swift in Sources */ = {isa = PBXBuildFile; fileRef = D2D56EAD228C330200D6C9A8 /* Belaz.swift */; };
		D2F881472289AE2600A0BBBA /* AddViewController.swift in Sources */ = {isa = PBXBuildFile; fileRef = D2F881452289AE2600A0BBBA /* AddViewController.swift */; };
		D2F881482289AE2600A0BBBA /* AddViewController.xib in Resources */ = {isa = PBXBuildFile; fileRef = D2F881462289AE2600A0BBBA /* AddViewController.xib */; };
/* End PBXBuildFile section */

/* Begin PBXFileReference section */
		0F0E53C622797E560063E85A /* DataManager.swift */ = {isa = PBXFileReference; lastKnownFileType = sourcecode.swift; path = DataManager.swift; sourceTree = "<group>"; };
		389F92A24171C777C177BEFF /* Pods-Belaz.release.xcconfig */ = {isa = PBXFileReference; includeInIndex = 1; lastKnownFileType = text.xcconfig; name = "Pods-Belaz.release.xcconfig"; path = "Target Support Files/Pods-Belaz/Pods-Belaz.release.xcconfig"; sourceTree = "<group>"; };
		569C4C64C01C54D504469B65 /* Pods_Belaz.framework */ = {isa = PBXFileReference; explicitFileType = wrapper.framework; includeInIndex = 0; path = Pods_Belaz.framework; sourceTree = BUILT_PRODUCTS_DIR; };
		D20C60DB22984B1A005B1C23 /* RateViewController.swift */ = {isa = PBXFileReference; lastKnownFileType = sourcecode.swift; path = RateViewController.swift; sourceTree = "<group>"; };
		D20C60DC22984B1A005B1C23 /* RateViewController.xib */ = {isa = PBXFileReference; lastKnownFileType = file.xib; path = RateViewController.xib; sourceTree = "<group>"; };
		D20C60DF22986E27005B1C23 /* Rating.swift */ = {isa = PBXFileReference; lastKnownFileType = sourcecode.swift; path = Rating.swift; sourceTree = "<group>"; };
		D2261F702296D8E800A83C0B /* DrawView.swift */ = {isa = PBXFileReference; lastKnownFileType = sourcecode.swift; path = DrawView.swift; sourceTree = "<group>"; };
		D24FF8A8228353B000B88999 /* DetailViewController.swift */ = {isa = PBXFileReference; fileEncoding = 4; lastKnownFileType = sourcecode.swift; path = DetailViewController.swift; sourceTree = "<group>"; };
		D24FF8AC22835E4200B88999 /* BelazTableViewController.xib */ = {isa = PBXFileReference; lastKnownFileType = file.xib; path = BelazTableViewController.xib; sourceTree = "<group>"; };
		D24FF8AE22835F9A00B88999 /* DetailViewController.xib */ = {isa = PBXFileReference; lastKnownFileType = file.xib; path = DetailViewController.xib; sourceTree = "<group>"; };
		D2519A8422688A5000F3AB1B /* CustomCell.swift */ = {isa = PBXFileReference; lastKnownFileType = sourcecode.swift; path = CustomCell.swift; sourceTree = "<group>"; };
		D2779B7F22883537003AE274 /* CustomCell.xib */ = {isa = PBXFileReference; lastKnownFileType = file.xib; path = CustomCell.xib; sourceTree = "<group>"; };
		D279C92922675A2E00653643 /* Belaz.app */ = {isa = PBXFileReference; explicitFileType = wrapper.application; includeInIndex = 0; path = Belaz.app; sourceTree = BUILT_PRODUCTS_DIR; };
		D279C92C22675A2E00653643 /* AppDelegate.swift */ = {isa = PBXFileReference; lastKnownFileType = sourcecode.swift; path = AppDelegate.swift; sourceTree = "<group>"; };
		D279C93322675A2F00653643 /* Assets.xcassets */ = {isa = PBXFileReference; lastKnownFileType = folder.assetcatalog; path = Assets.xcassets; sourceTree = "<group>"; };
		D279C93822675A2F00653643 /* Info.plist */ = {isa = PBXFileReference; lastKnownFileType = text.plist.xml; path = Info.plist; sourceTree = "<group>"; };
		D279C93E22675AAC00653643 /* BelazTableViewController.swift */ = {isa = PBXFileReference; lastKnownFileType = sourcecode.swift; path = BelazTableViewController.swift; sourceTree = "<group>"; };
		D2D56EAD228C330200D6C9A8 /* Belaz.swift */ = {isa = PBXFileReference; lastKnownFileType = sourcecode.swift; path = Belaz.swift; sourceTree = "<group>"; };
		D2F881452289AE2600A0BBBA /* AddViewController.swift */ = {isa = PBXFileReference; lastKnownFileType = sourcecode.swift; path = AddViewController.swift; sourceTree = "<group>"; };
		D2F881462289AE2600A0BBBA /* AddViewController.xib */ = {isa = PBXFileReference; lastKnownFileType = file.xib; path = AddViewController.xib; sourceTree = "<group>"; };
		F43F40013E98D55F9842D341 /* Pods-Belaz.debug.xcconfig */ = {isa = PBXFileReference; includeInIndex = 1; lastKnownFileType = text.xcconfig; name = "Pods-Belaz.debug.xcconfig"; path = "Target Support Files/Pods-Belaz/Pods-Belaz.debug.xcconfig"; sourceTree = "<group>"; };
/* End PBXFileReference section */

/* Begin PBXFrameworksBuildPhase section */
		D279C92622675A2E00653643 /* Frameworks */ = {
			isa = PBXFrameworksBuildPhase;
			buildActionMask = 2147483647;
			files = (
				148BB5CD61210B11205332B4 /* Pods_Belaz.framework in Frameworks */,
			);
			runOnlyForDeploymentPostprocessing = 0;
		};
/* End PBXFrameworksBuildPhase section */

/* Begin PBXGroup section */
		296A772A77FA137217455964 /* Pods */ = {
			isa = PBXGroup;
			children = (
				F43F40013E98D55F9842D341 /* Pods-Belaz.debug.xcconfig */,
				389F92A24171C777C177BEFF /* Pods-Belaz.release.xcconfig */,
			);
			path = Pods;
			sourceTree = "<group>";
		};
		9DB7E0AD39935555A212D635 /* Frameworks */ = {
			isa = PBXGroup;
			children = (
				569C4C64C01C54D504469B65 /* Pods_Belaz.framework */,
			);
			name = Frameworks;
			sourceTree = "<group>";
		};
		D24FF8B022835FCD00B88999 /* View Controller's */ = {
			isa = PBXGroup;
			children = (
				D279C93E22675AAC00653643 /* BelazTableViewController.swift */,
				D24FF8AC22835E4200B88999 /* BelazTableViewController.xib */,
				D2261F702296D8E800A83C0B /* DrawView.swift */,
				D24FF8A8228353B000B88999 /* DetailViewController.swift */,
				D24FF8AE22835F9A00B88999 /* DetailViewController.xib */,
				D20C60DB22984B1A005B1C23 /* RateViewController.swift */,
				D20C60DC22984B1A005B1C23 /* RateViewController.xib */,
				D2519A8422688A5000F3AB1B /* CustomCell.swift */,
				D2779B7F22883537003AE274 /* CustomCell.xib */,
				D2F881452289AE2600A0BBBA /* AddViewController.swift */,
				D2F881462289AE2600A0BBBA /* AddViewController.xib */,
			);
			path = "View Controller's";
			sourceTree = "<group>";
		};
		D24FF8B122835FE700B88999 /* Model's */ = {
			isa = PBXGroup;
			children = (
				D2D56EAD228C330200D6C9A8 /* Belaz.swift */,
				D20C60DF22986E27005B1C23 /* Rating.swift */,
				0F0E53C622797E560063E85A /* DataManager.swift */,
			);
			path = "Model's";
			sourceTree = "<group>";
		};
		D279C92022675A2E00653643 = {
			isa = PBXGroup;
			children = (
				D279C92B22675A2E00653643 /* Belaz */,
				D279C92A22675A2E00653643 /* Products */,
				296A772A77FA137217455964 /* Pods */,
				9DB7E0AD39935555A212D635 /* Frameworks */,
			);
			sourceTree = "<group>";
		};
		D279C92A22675A2E00653643 /* Products */ = {
			isa = PBXGroup;
			children = (
				D279C92922675A2E00653643 /* Belaz.app */,
			);
			name = Products;
			sourceTree = "<group>";
		};
		D279C92B22675A2E00653643 /* Belaz */ = {
			isa = PBXGroup;
			children = (
				D279C92C22675A2E00653643 /* AppDelegate.swift */,
				D24FF8B122835FE700B88999 /* Model's */,
				D24FF8B022835FCD00B88999 /* View Controller's */,
				D279C93322675A2F00653643 /* Assets.xcassets */,
				D279C93822675A2F00653643 /* Info.plist */,
			);
			path = Belaz;
			sourceTree = "<group>";
		};
/* End PBXGroup section */

/* Begin PBXNativeTarget section */
		D279C92822675A2E00653643 /* Belaz */ = {
			isa = PBXNativeTarget;
			buildConfigurationList = D279C93B22675A2F00653643 /* Build configuration list for PBXNativeTarget "Belaz" */;
			buildPhases = (
				74FDAE0699C64E7DC52D879F /* [CP] Check Pods Manifest.lock */,
				D279C92522675A2E00653643 /* Sources */,
				D279C92622675A2E00653643 /* Frameworks */,
				D279C92722675A2E00653643 /* Resources */,
				2EFAFA990991400DF513FD6A /* [CP] Embed Pods Frameworks */,
			);
			buildRules = (
			);
			dependencies = (
			);
			name = Belaz;
			productName = Belaz;
			productReference = D279C92922675A2E00653643 /* Belaz.app */;
			productType = "com.apple.product-type.application";
		};
/* End PBXNativeTarget section */

/* Begin PBXProject section */
		D279C92122675A2E00653643 /* Project object */ = {
			isa = PBXProject;
			attributes = {
				LastSwiftUpdateCheck = 1020;
				LastUpgradeCheck = 1020;
				ORGANIZATIONNAME = "Pavel Tsiareschcanka";
				TargetAttributes = {
					D279C92822675A2E00653643 = {
						CreatedOnToolsVersion = 10.2;
					};
				};
			};
			buildConfigurationList = D279C92422675A2E00653643 /* Build configuration list for PBXProject "Belaz" */;
			compatibilityVersion = "Xcode 9.3";
			developmentRegion = en;
			hasScannedForEncodings = 0;
			knownRegions = (
				en,
				Base,
			);
			mainGroup = D279C92022675A2E00653643;
			productRefGroup = D279C92A22675A2E00653643 /* Products */;
			projectDirPath = "";
			projectRoot = "";
			targets = (
				D279C92822675A2E00653643 /* Belaz */,
			);
		};
/* End PBXProject section */

/* Begin PBXResourcesBuildPhase section */
		D279C92722675A2E00653643 /* Resources */ = {
			isa = PBXResourcesBuildPhase;
			buildActionMask = 2147483647;
			files = (
				D20C60DE22984B1A005B1C23 /* RateViewController.xib in Resources */,
				D279C93422675A2F00653643 /* Assets.xcassets in Resources */,
				D24FF8AD22835E4200B88999 /* BelazTableViewController.xib in Resources */,
				D2F881482289AE2600A0BBBA /* AddViewController.xib in Resources */,
				D2779B8022883537003AE274 /* CustomCell.xib in Resources */,
				D24FF8AF22835F9A00B88999 /* DetailViewController.xib in Resources */,
			);
			runOnlyForDeploymentPostprocessing = 0;
		};
/* End PBXResourcesBuildPhase section */

/* Begin PBXShellScriptBuildPhase section */
		2EFAFA990991400DF513FD6A /* [CP] Embed Pods Frameworks */ = {
			isa = PBXShellScriptBuildPhase;
			buildActionMask = 2147483647;
			files = (
			);
			inputFileListPaths = (
			);
			inputPaths = (
				"${PODS_ROOT}/Target Support Files/Pods-Belaz/Pods-Belaz-frameworks.sh",
				"${BUILT_PRODUCTS_DIR}/Realm/Realm.framework",
				"${BUILT_PRODUCTS_DIR}/RealmSwift/RealmSwift.framework",
			);
			name = "[CP] Embed Pods Frameworks";
			outputFileListPaths = (
			);
			outputPaths = (
				"${TARGET_BUILD_DIR}/${FRAMEWORKS_FOLDER_PATH}/Realm.framework",
				"${TARGET_BUILD_DIR}/${FRAMEWORKS_FOLDER_PATH}/RealmSwift.framework",
			);
			runOnlyForDeploymentPostprocessing = 0;
			shellPath = /bin/sh;
			shellScript = "\"${PODS_ROOT}/Target Support Files/Pods-Belaz/Pods-Belaz-frameworks.sh\"\n";
			showEnvVarsInLog = 0;
		};
		74FDAE0699C64E7DC52D879F /* [CP] Check Pods Manifest.lock */ = {
			isa = PBXShellScriptBuildPhase;
			buildActionMask = 2147483647;
			files = (
			);
			inputFileListPaths = (
			);
			inputPaths = (
				"${PODS_PODFILE_DIR_PATH}/Podfile.lock",
				"${PODS_ROOT}/Manifest.lock",
			);
			name = "[CP] Check Pods Manifest.lock";
			outputFileListPaths = (
			);
			outputPaths = (
				"$(DERIVED_FILE_DIR)/Pods-Belaz-checkManifestLockResult.txt",
			);
			runOnlyForDeploymentPostprocessing = 0;
			shellPath = /bin/sh;
			shellScript = "diff \"${PODS_PODFILE_DIR_PATH}/Podfile.lock\" \"${PODS_ROOT}/Manifest.lock\" > /dev/null\nif [ $? != 0 ] ; then\n    # print error to STDERR\n    echo \"error: The sandbox is not in sync with the Podfile.lock. Run 'pod install' or update your CocoaPods installation.\" >&2\n    exit 1\nfi\n# This output is used by Xcode 'outputs' to avoid re-running this script phase.\necho \"SUCCESS\" > \"${SCRIPT_OUTPUT_FILE_0}\"\n";
			showEnvVarsInLog = 0;
		};
/* End PBXShellScriptBuildPhase section */

/* Begin PBXSourcesBuildPhase section */
		D279C92522675A2E00653643 /* Sources */ = {
			isa = PBXSourcesBuildPhase;
			buildActionMask = 2147483647;
			files = (
				D20C60DD22984B1A005B1C23 /* RateViewController.swift in Sources */,
				0F0E53C722797E560063E85A /* DataManager.swift in Sources */,
				D20C60E022986E27005B1C23 /* Rating.swift in Sources */,
				D2D56EAE228C330200D6C9A8 /* Belaz.swift in Sources */,
				D2261F712296D8E800A83C0B /* DrawView.swift in Sources */,
				D2F881472289AE2600A0BBBA /* AddViewController.swift in Sources */,
				D279C93F22675AAC00653643 /* BelazTableViewController.swift in Sources */,
				D24FF8A9228353B000B88999 /* DetailViewController.swift in Sources */,
				D2519A8522688A5000F3AB1B /* CustomCell.swift in Sources */,
				D279C92D22675A2E00653643 /* AppDelegate.swift in Sources */,
			);
			runOnlyForDeploymentPostprocessing = 0;
		};
/* End PBXSourcesBuildPhase section */

/* Begin XCBuildConfiguration section */
		D279C93922675A2F00653643 /* Debug */ = {
			isa = XCBuildConfiguration;
			buildSettings = {
				ALWAYS_SEARCH_USER_PATHS = NO;
				CLANG_ANALYZER_NONNULL = YES;
				CLANG_ANALYZER_NUMBER_OBJECT_CONVERSION = YES_AGGRESSIVE;
				CLANG_CXX_LANGUAGE_STANDARD = "gnu++14";
				CLANG_CXX_LIBRARY = "libc++";
				CLANG_ENABLE_MODULES = YES;
				CLANG_ENABLE_OBJC_ARC = YES;
				CLANG_ENABLE_OBJC_WEAK = YES;
				CLANG_WARN_BLOCK_CAPTURE_AUTORELEASING = YES;
				CLANG_WARN_BOOL_CONVERSION = YES;
				CLANG_WARN_COMMA = YES;
				CLANG_WARN_CONSTANT_CONVERSION = YES;
				CLANG_WARN_DEPRECATED_OBJC_IMPLEMENTATIONS = YES;
				CLANG_WARN_DIRECT_OBJC_ISA_USAGE = YES_ERROR;
				CLANG_WARN_DOCUMENTATION_COMMENTS = YES;
				CLANG_WARN_EMPTY_BODY = YES;
				CLANG_WARN_ENUM_CONVERSION = YES;
				CLANG_WARN_INFINITE_RECURSION = YES;
				CLANG_WARN_INT_CONVERSION = YES;
				CLANG_WARN_NON_LITERAL_NULL_CONVERSION = YES;
				CLANG_WARN_OBJC_IMPLICIT_RETAIN_SELF = YES;
				CLANG_WARN_OBJC_LITERAL_CONVERSION = YES;
				CLANG_WARN_OBJC_ROOT_CLASS = YES_ERROR;
				CLANG_WARN_RANGE_LOOP_ANALYSIS = YES;
				CLANG_WARN_STRICT_PROTOTYPES = YES;
				CLANG_WARN_SUSPICIOUS_MOVE = YES;
				CLANG_WARN_UNGUARDED_AVAILABILITY = YES_AGGRESSIVE;
				CLANG_WARN_UNREACHABLE_CODE = YES;
				CLANG_WARN__DUPLICATE_METHOD_MATCH = YES;
				CODE_SIGN_IDENTITY = "iPhone Developer";
				COPY_PHASE_STRIP = NO;
				DEBUG_INFORMATION_FORMAT = dwarf;
				ENABLE_STRICT_OBJC_MSGSEND = YES;
				ENABLE_TESTABILITY = YES;
				GCC_C_LANGUAGE_STANDARD = gnu11;
				GCC_DYNAMIC_NO_PIC = NO;
				GCC_NO_COMMON_BLOCKS = YES;
				GCC_OPTIMIZATION_LEVEL = 0;
				GCC_PREPROCESSOR_DEFINITIONS = (
					"DEBUG=1",
					"$(inherited)",
				);
				GCC_WARN_64_TO_32_BIT_CONVERSION = YES;
				GCC_WARN_ABOUT_RETURN_TYPE = YES_ERROR;
				GCC_WARN_UNDECLARED_SELECTOR = YES;
				GCC_WARN_UNINITIALIZED_AUTOS = YES_AGGRESSIVE;
				GCC_WARN_UNUSED_FUNCTION = YES;
				GCC_WARN_UNUSED_VARIABLE = YES;
				IPHONEOS_DEPLOYMENT_TARGET = 12.2;
				MTL_ENABLE_DEBUG_INFO = INCLUDE_SOURCE;
				MTL_FAST_MATH = YES;
				ONLY_ACTIVE_ARCH = YES;
				SDKROOT = iphoneos;
				SWIFT_ACTIVE_COMPILATION_CONDITIONS = DEBUG;
				SWIFT_OPTIMIZATION_LEVEL = "-Onone";
			};
			name = Debug;
		};
		D279C93A22675A2F00653643 /* Release */ = {
			isa = XCBuildConfiguration;
			buildSettings = {
				ALWAYS_SEARCH_USER_PATHS = NO;
				CLANG_ANALYZER_NONNULL = YES;
				CLANG_ANALYZER_NUMBER_OBJECT_CONVERSION = YES_AGGRESSIVE;
				CLANG_CXX_LANGUAGE_STANDARD = "gnu++14";
				CLANG_CXX_LIBRARY = "libc++";
				CLANG_ENABLE_MODULES = YES;
				CLANG_ENABLE_OBJC_ARC = YES;
				CLANG_ENABLE_OBJC_WEAK = YES;
				CLANG_WARN_BLOCK_CAPTURE_AUTORELEASING = YES;
				CLANG_WARN_BOOL_CONVERSION = YES;
				CLANG_WARN_COMMA = YES;
				CLANG_WARN_CONSTANT_CONVERSION = YES;
				CLANG_WARN_DEPRECATED_OBJC_IMPLEMENTATIONS = YES;
				CLANG_WARN_DIRECT_OBJC_ISA_USAGE = YES_ERROR;
				CLANG_WARN_DOCUMENTATION_COMMENTS = YES;
				CLANG_WARN_EMPTY_BODY = YES;
				CLANG_WARN_ENUM_CONVERSION = YES;
				CLANG_WARN_INFINITE_RECURSION = YES;
				CLANG_WARN_INT_CONVERSION = YES;
				CLANG_WARN_NON_LITERAL_NULL_CONVERSION = YES;
				CLANG_WARN_OBJC_IMPLICIT_RETAIN_SELF = YES;
				CLANG_WARN_OBJC_LITERAL_CONVERSION = YES;
				CLANG_WARN_OBJC_ROOT_CLASS = YES_ERROR;
				CLANG_WARN_RANGE_LOOP_ANALYSIS = YES;
				CLANG_WARN_STRICT_PROTOTYPES = YES;
				CLANG_WARN_SUSPICIOUS_MOVE = YES;
				CLANG_WARN_UNGUARDED_AVAILABILITY = YES_AGGRESSIVE;
				CLANG_WARN_UNREACHABLE_CODE = YES;
				CLANG_WARN__DUPLICATE_METHOD_MATCH = YES;
				CODE_SIGN_IDENTITY = "iPhone Developer";
				COPY_PHASE_STRIP = NO;
				DEBUG_INFORMATION_FORMAT = "dwarf-with-dsym";
				ENABLE_NS_ASSERTIONS = NO;
				ENABLE_STRICT_OBJC_MSGSEND = YES;
				GCC_C_LANGUAGE_STANDARD = gnu11;
				GCC_NO_COMMON_BLOCKS = YES;
				GCC_WARN_64_TO_32_BIT_CONVERSION = YES;
				GCC_WARN_ABOUT_RETURN_TYPE = YES_ERROR;
				GCC_WARN_UNDECLARED_SELECTOR = YES;
				GCC_WARN_UNINITIALIZED_AUTOS = YES_AGGRESSIVE;
				GCC_WARN_UNUSED_FUNCTION = YES;
				GCC_WARN_UNUSED_VARIABLE = YES;
				IPHONEOS_DEPLOYMENT_TARGET = 12.2;
				MTL_ENABLE_DEBUG_INFO = NO;
				MTL_FAST_MATH = YES;
				SDKROOT = iphoneos;
				SWIFT_COMPILATION_MODE = wholemodule;
				SWIFT_OPTIMIZATION_LEVEL = "-O";
				VALIDATE_PRODUCT = YES;
			};
			name = Release;
		};
		D279C93C22675A2F00653643 /* Debug */ = {
			isa = XCBuildConfiguration;
			baseConfigurationReference = F43F40013E98D55F9842D341 /* Pods-Belaz.debug.xcconfig */;
			buildSettings = {
				ASSETCATALOG_COMPILER_APPICON_NAME = AppIcon;
				CODE_SIGN_IDENTITY = "iPhone Developer";
				CODE_SIGN_STYLE = Automatic;
				DEVELOPMENT_TEAM = 6759UELELZ;
				INFOPLIST_FILE = Belaz/Info.plist;
				IPHONEOS_DEPLOYMENT_TARGET = 12.2;
				LD_RUNPATH_SEARCH_PATHS = (
					"$(inherited)",
					"@executable_path/Frameworks",
				);
				PRODUCT_BUNDLE_IDENTIFIER = Pavel.Belaz2;
				PRODUCT_NAME = "$(TARGET_NAME)";
				PROVISIONING_PROFILE_SPECIFIER = "";
				SWIFT_VERSION = 5.0;
				TARGETED_DEVICE_FAMILY = "1,2";
			};
			name = Debug;
		};
		D279C93D22675A2F00653643 /* Release */ = {
			isa = XCBuildConfiguration;
			baseConfigurationReference = 389F92A24171C777C177BEFF /* Pods-Belaz.release.xcconfig */;
			buildSettings = {
				ASSETCATALOG_COMPILER_APPICON_NAME = AppIcon;
				CODE_SIGN_IDENTITY = "iPhone Developer";
				CODE_SIGN_STYLE = Automatic;
				DEVELOPMENT_TEAM = 6759UELELZ;
				INFOPLIST_FILE = Belaz/Info.plist;
				IPHONEOS_DEPLOYMENT_TARGET = 12.2;
				LD_RUNPATH_SEARCH_PATHS = (
					"$(inherited)",
					"@executable_path/Frameworks",
				);
				PRODUCT_BUNDLE_IDENTIFIER = Pavel.Belaz2;
				PRODUCT_NAME = "$(TARGET_NAME)";
				PROVISIONING_PROFILE_SPECIFIER = "";
				SWIFT_VERSION = 5.0;
				TARGETED_DEVICE_FAMILY = "1,2";
			};
			name = Release;
		};
/* End XCBuildConfiguration section */

/* Begin XCConfigurationList section */
		D279C92422675A2E00653643 /* Build configuration list for PBXProject "Belaz" */ = {
			isa = XCConfigurationList;
			buildConfigurations = (
				D279C93922675A2F00653643 /* Debug */,
				D279C93A22675A2F00653643 /* Release */,
			);
			defaultConfigurationIsVisible = 0;
			defaultConfigurationName = Release;
		};
		D279C93B22675A2F00653643 /* Build configuration list for PBXNativeTarget "Belaz" */ = {
			isa = XCConfigurationList;
			buildConfigurations = (
				D279C93C22675A2F00653643 /* Debug */,
				D279C93D22675A2F00653643 /* Release */,
			);
			defaultConfigurationIsVisible = 0;
			defaultConfigurationName = Release;
		};
/* End XCConfigurationList section */
	};
	rootObject = D279C92122675A2E00653643 /* Project object */;
}
